{
  "object": {
    "pins": [
      {
        "package": "ProgressHUD",
        "repositoryURL": "https://github.com/relatedcode/ProgressHUD.git",
        "state": {
          "branch": null,
          "revision": "22c3f83268b4c47b4623fe3a9701af7310fa8d8a",
          "version": "13.6.1"
        }
      },
      {
        "package": "SDWebImage",
        "repositoryURL": "https://github.com/SDWebImage/SDWebImage.git",
        "state": {
          "branch": null,
          "revision": "0fff0d7505b5306348263ea64fcc561253bbeb21",
          "version": "5.12.2"
        }
      },
      {
        "package": "YouTubeiOSPlayerHelper",
        "repositoryURL": "https://github.com/youtube/youtube-ios-player-helper.git",
        "state": {
          "branch": null,
          "revision": "f57129cd4380ec0a74dd3a59da3270a1d653d59b",
          "version": "1.0.4"
        }
      }
    ]
  },
  "version": 1
}
